
Microsoft Visual Studio Solution File, Format Version 12.00
# Visual Studio 15
VisualStudioVersion = 15.0.35213.121
MinimumVisualStudioVersion = 10.0.40219.1
Project("{FAE04EC0-301F-11D3-BF4B-00C04F79EFBC}") = "NTP5.4", "NTP5.4\NTP5.4.csproj", "{B1A405A4-5E6A-4CF5-98BE-F51FCC6B77CD}"
EndProject
Global
	GlobalSection(SolutionConfigurationPlatforms) = preSolution
		Debug|Any CPU = Debug|Any CPU
		Release|Any CPU = Release|Any CPU
	EndGlobalSection
	GlobalSection(ProjectConfigurationPlatforms) = postSolution
		{B1A405A4-5E6A-4CF5-98BE-F51FCC6B77CD}.Debug|Any CPU.ActiveCfg = Debug|Any CPU
		{B1A405A4-5E6A-4CF5-98BE-F51FCC6B77CD}.Debug|Any CPU.Build.0 = Debug|Any CPU
		{B1A405A4-5E6A-4CF5-98BE-F51FCC6B77CD}.Release|Any CPU.ActiveCfg = Release|Any CPU
		{B1A405A4-5E6A-4CF5-98BE-F51FCC6B77CD}.Release|Any CPU.Build.0 = Release|Any CPU
	EndGlobalSection
	GlobalSection(SolutionProperties) = preSolution
		HideSolutionNode = FALSE
	EndGlobalSection
	GlobalSection(ExtensibilityGlobals) = postSolution
		SolutionGuid = {AC1BC8DA-1A2D-4B8D-949C-69F86B5694FB}
	EndGlobalSection
EndGlobal
