
Microsoft Visual Studio Solution File, Format Version 12.00
# Visual Studio 15
VisualStudioVersion = 15.0.35431.46
MinimumVisualStudioVersion = 10.0.40219.1
Project("{FAE04EC0-301F-11D3-BF4B-00C04F79EFBC}") = "NTP7_2", "NTP7_2\NTP7_2.csproj", "{FD115CA2-87A2-43C3-8F9B-CE7891F6FA58}"
EndProject
Global
	GlobalSection(SolutionConfigurationPlatforms) = preSolution
		Debug|Any CPU = Debug|Any CPU
		Release|Any CPU = Release|Any CPU
	EndGlobalSection
	GlobalSection(ProjectConfigurationPlatforms) = postSolution
		{FD115CA2-87A2-43C3-8F9B-CE7891F6FA58}.Debug|Any CPU.ActiveCfg = Debug|Any CPU
		{FD115CA2-87A2-43C3-8F9B-CE7891F6FA58}.Debug|Any CPU.Build.0 = Debug|Any CPU
		{FD115CA2-87A2-43C3-8F9B-CE7891F6FA58}.Release|Any CPU.ActiveCfg = Release|Any CPU
		{FD115CA2-87A2-43C3-8F9B-CE7891F6FA58}.Release|Any CPU.Build.0 = Release|Any CPU
	EndGlobalSection
	GlobalSection(SolutionProperties) = preSolution
		HideSolutionNode = FALSE
	EndGlobalSection
	GlobalSection(ExtensibilityGlobals) = postSolution
		SolutionGuid = {7BE3A2C6-A428-4106-AE7B-7C9C54300821}
	EndGlobalSection
EndGlobal
