
Microsoft Visual Studio Solution File, Format Version 12.00
# Visual Studio 15
VisualStudioVersion = 15.0.35431.46
MinimumVisualStudioVersion = 10.0.40219.1
Project("{FAE04EC0-301F-11D3-BF4B-00C04F79EFBC}") = "NTP7_1", "NTP7_1\NTP7_1.csproj", "{F95E92A3-3B2D-49A0-B29F-93A075D601CB}"
EndProject
Global
	GlobalSection(SolutionConfigurationPlatforms) = preSolution
		Debug|Any CPU = Debug|Any CPU
		Release|Any CPU = Release|Any CPU
	EndGlobalSection
	GlobalSection(ProjectConfigurationPlatforms) = postSolution
		{F95E92A3-3B2D-49A0-B29F-93A075D601CB}.Debug|Any CPU.ActiveCfg = Debug|Any CPU
		{F95E92A3-3B2D-49A0-B29F-93A075D601CB}.Debug|Any CPU.Build.0 = Debug|Any CPU
		{F95E92A3-3B2D-49A0-B29F-93A075D601CB}.Release|Any CPU.ActiveCfg = Release|Any CPU
		{F95E92A3-3B2D-49A0-B29F-93A075D601CB}.Release|Any CPU.Build.0 = Release|Any CPU
	EndGlobalSection
	GlobalSection(SolutionProperties) = preSolution
		HideSolutionNode = FALSE
	EndGlobalSection
	GlobalSection(ExtensibilityGlobals) = postSolution
		SolutionGuid = {17B52501-F972-4C17-BC72-8F12ECFB201F}
	EndGlobalSection
EndGlobal
