
Microsoft Visual Studio Solution File, Format Version 12.00
# Visual Studio 15
VisualStudioVersion = 15.0.35431.46
MinimumVisualStudioVersion = 10.0.40219.1
Project("{FAE04EC0-301F-11D3-BF4B-00C04F79EFBC}") = "NTP8.3", "NTP8.3\NTP8.3.csproj", "{8242BB0A-7730-4A0F-97E6-E86412F10E31}"
EndProject
Global
	GlobalSection(SolutionConfigurationPlatforms) = preSolution
		Debug|Any CPU = Debug|Any CPU
		Release|Any CPU = Release|Any CPU
	EndGlobalSection
	GlobalSection(ProjectConfigurationPlatforms) = postSolution
		{8242BB0A-7730-4A0F-97E6-E86412F10E31}.Debug|Any CPU.ActiveCfg = Debug|Any CPU
		{8242BB0A-7730-4A0F-97E6-E86412F10E31}.Debug|Any CPU.Build.0 = Debug|Any CPU
		{8242BB0A-7730-4A0F-97E6-E86412F10E31}.Release|Any CPU.ActiveCfg = Release|Any CPU
		{8242BB0A-7730-4A0F-97E6-E86412F10E31}.Release|Any CPU.Build.0 = Release|Any CPU
	EndGlobalSection
	GlobalSection(SolutionProperties) = preSolution
		HideSolutionNode = FALSE
	EndGlobalSection
	GlobalSection(ExtensibilityGlobals) = postSolution
		SolutionGuid = {AD007350-FA78-439C-A675-E49B7E2B9973}
	EndGlobalSection
EndGlobal
