
Microsoft Visual Studio Solution File, Format Version 12.00
# Visual Studio 15
VisualStudioVersion = 15.0.35213.121
MinimumVisualStudioVersion = 10.0.40219.1
Project("{FAE04EC0-301F-11D3-BF4B-00C04F79EFBC}") = "XOX", "XOX\XOX.csproj", "{1EAD7934-9EEF-415A-90A1-9E4E281AF396}"
EndProject
Global
	GlobalSection(SolutionConfigurationPlatforms) = preSolution
		Debug|Any CPU = Debug|Any CPU
		Release|Any CPU = Release|Any CPU
	EndGlobalSection
	GlobalSection(ProjectConfigurationPlatforms) = postSolution
		{1EAD7934-9EEF-415A-90A1-9E4E281AF396}.Debug|Any CPU.ActiveCfg = Debug|Any CPU
		{1EAD7934-9EEF-415A-90A1-9E4E281AF396}.Debug|Any CPU.Build.0 = Debug|Any CPU
		{1EAD7934-9EEF-415A-90A1-9E4E281AF396}.Release|Any CPU.ActiveCfg = Release|Any CPU
		{1EAD7934-9EEF-415A-90A1-9E4E281AF396}.Release|Any CPU.Build.0 = Release|Any CPU
	EndGlobalSection
	GlobalSection(SolutionProperties) = preSolution
		HideSolutionNode = FALSE
	EndGlobalSection
	GlobalSection(ExtensibilityGlobals) = postSolution
		SolutionGuid = {5972E834-7249-4600-A56F-E10D8DCCF98F}
	EndGlobalSection
EndGlobal
